
Microsoft Visual Studio Solution File, Format Version 12.00
# Visual Studio Version 16
VisualStudioVersion = 16.0.30002.166
MinimumVisualStudioVersion = 10.0.40219.1
Project("{FAE04EC0-301F-11D3-BF4B-00C04F79EFBC}") = "Disleksia", "WindowsFormsApp1\Disleksia.csproj", "{A01F21C2-16DF-4D54-8CDC-341FF2AE906E}"
EndProject
Global
	GlobalSection(SolutionConfigurationPlatforms) = preSolution
		Debug|Any CPU = Debug|Any CPU
		Release|Any CPU = Release|Any CPU
	EndGlobalSection
	GlobalSection(ProjectConfigurationPlatforms) = postSolution
		{A01F21C2-16DF-4D54-8CDC-341FF2AE906E}.Debug|Any CPU.ActiveCfg = Release|Any CPU
		{A01F21C2-16DF-4D54-8CDC-341FF2AE906E}.Debug|Any CPU.Build.0 = Release|Any CPU
		{A01F21C2-16DF-4D54-8CDC-341FF2AE906E}.Release|Any CPU.ActiveCfg = Release|Any CPU
		{A01F21C2-16DF-4D54-8CDC-341FF2AE906E}.Release|Any CPU.Build.0 = Release|Any CPU
	EndGlobalSection
	GlobalSection(SolutionProperties) = preSolution
		HideSolutionNode = FALSE
	EndGlobalSection
	GlobalSection(ExtensibilityGlobals) = postSolution
		SolutionGuid = {A086E0A9-5BD6-4F6C-8126-D353B9568E92}
	EndGlobalSection
EndGlobal
